
Microsoft Visual Studio Solution File, Format Version 12.00
# Visual Studio Version 16
VisualStudioVersion = 16.0.30204.135
MinimumVisualStudioVersion = 10.0.40219.1
Project("{FAE04EC0-301F-11D3-BF4B-00C04F79EFBC}") = "ITAcademyERP", "ITAcademyERP\ITAcademyERP.csproj", "{476DC18E-A46F-49A3-BADC-8738E03B26CC}"
EndProject
Global
	GlobalSection(SolutionConfigurationPlatforms) = preSolution
		Debug|Any CPU = Debug|Any CPU
		Release|Any CPU = Release|Any CPU
	EndGlobalSection
	GlobalSection(ProjectConfigurationPlatforms) = postSolution
		{476DC18E-A46F-49A3-BADC-8738E03B26CC}.Debug|Any CPU.ActiveCfg = Debug|Any CPU
		{476DC18E-A46F-49A3-BADC-8738E03B26CC}.Debug|Any CPU.Build.0 = Debug|Any CPU
		{476DC18E-A46F-49A3-BADC-8738E03B26CC}.Release|Any CPU.ActiveCfg = Release|Any CPU
		{476DC18E-A46F-49A3-BADC-8738E03B26CC}.Release|Any CPU.Build.0 = Release|Any CPU
	EndGlobalSection
	GlobalSection(SolutionProperties) = preSolution
		HideSolutionNode = FALSE
	EndGlobalSection
	GlobalSection(ExtensibilityGlobals) = postSolution
		SolutionGuid = {ACB23521-1C20-430E-9FF3-96E3D07DCD4C}
	EndGlobalSection
EndGlobal
